
Microsoft Visual Studio Solution File, Format Version 12.00
# Visual Studio 15
VisualStudioVersion = 15.0.28307.852
MinimumVisualStudioVersion = 10.0.40219.1
Project("{FAE04EC0-301F-11D3-BF4B-00C04F79EFBC}") = "angTask", "angTask\angTask.csproj", "{3D1F853C-EAB7-4CD0-998B-A04815A390D4}"
EndProject
Global
	GlobalSection(SolutionConfigurationPlatforms) = preSolution
		Debug|Any CPU = Debug|Any CPU
		Release|Any CPU = Release|Any CPU
	EndGlobalSection
	GlobalSection(ProjectConfigurationPlatforms) = postSolution
		{3D1F853C-EAB7-4CD0-998B-A04815A390D4}.Debug|Any CPU.ActiveCfg = Debug|Any CPU
		{3D1F853C-EAB7-4CD0-998B-A04815A390D4}.Debug|Any CPU.Build.0 = Debug|Any CPU
		{3D1F853C-EAB7-4CD0-998B-A04815A390D4}.Release|Any CPU.ActiveCfg = Release|Any CPU
		{3D1F853C-EAB7-4CD0-998B-A04815A390D4}.Release|Any CPU.Build.0 = Release|Any CPU
	EndGlobalSection
	GlobalSection(SolutionProperties) = preSolution
		HideSolutionNode = FALSE
	EndGlobalSection
	GlobalSection(ExtensibilityGlobals) = postSolution
		SolutionGuid = {27FFD2B3-E7BA-4DF0-8789-1D12D9ED3F33}
	EndGlobalSection
EndGlobal
